
Microsoft Visual Studio Solution File, Format Version 12.00
Project("{2150E333-8FDC-42A3-9474-1A3956D46DE8}") = "src", "src", "{85B9AD44-7191-4D71-A72F-E9C163CD4A9F}"
EndProject
Project("{2150E333-8FDC-42A3-9474-1A3956D46DE8}") = "Core", "Core", "{03CAD2D8-9F31-4B13-9C5A-00EE75112BCA}"
EndProject
Project("{2150E333-8FDC-42A3-9474-1A3956D46DE8}") = "Presentation", "Presentation", "{A85202DC-1CFE-4060-BBA6-44B81199057A}"
EndProject
Project("{2150E333-8FDC-42A3-9474-1A3956D46DE8}") = "Infrastructure", "Infrastructure", "{CFFC05C1-21B7-429F-95B3-D590B3068924}"
EndProject
Project("{FAE04EC0-301F-11D3-BF4B-00C04F79EFBC}") = "Domain", "Domain\Domain.csproj", "{08E93729-A295-4AE8-B715-66D8E331B781}"
EndProject
Project("{FAE04EC0-301F-11D3-BF4B-00C04F79EFBC}") = "Application", "Application\Application.csproj", "{C2FC3C3C-4D04-4E6D-8FE7-413DD88F9E04}"
EndProject
Project("{FAE04EC0-301F-11D3-BF4B-00C04F79EFBC}") = "Infrastructure", "Infrastructure\Infrastructure.csproj", "{509A4C8F-D2BE-44F3-8AF4-FA7C8B275B05}"
EndProject
Project("{FAE04EC0-301F-11D3-BF4B-00C04F79EFBC}") = "Persistence", "Persistence\Persistence.csproj", "{A0F9835F-D305-47CB-99ED-1C1A26AD4D17}"
EndProject
Project("{FAE04EC0-301F-11D3-BF4B-00C04F79EFBC}") = "API", "API\API.csproj", "{E9EA3097-F66C-4709-8638-1109DA184BE9}"
EndProject
Global
	GlobalSection(SolutionConfigurationPlatforms) = preSolution
		Debug|Any CPU = Debug|Any CPU
		Release|Any CPU = Release|Any CPU
	EndGlobalSection
	GlobalSection(NestedProjects) = preSolution
		{03CAD2D8-9F31-4B13-9C5A-00EE75112BCA} = {85B9AD44-7191-4D71-A72F-E9C163CD4A9F}
		{A85202DC-1CFE-4060-BBA6-44B81199057A} = {85B9AD44-7191-4D71-A72F-E9C163CD4A9F}
		{CFFC05C1-21B7-429F-95B3-D590B3068924} = {85B9AD44-7191-4D71-A72F-E9C163CD4A9F}
		{08E93729-A295-4AE8-B715-66D8E331B781} = {03CAD2D8-9F31-4B13-9C5A-00EE75112BCA}
		{C2FC3C3C-4D04-4E6D-8FE7-413DD88F9E04} = {03CAD2D8-9F31-4B13-9C5A-00EE75112BCA}
		{509A4C8F-D2BE-44F3-8AF4-FA7C8B275B05} = {CFFC05C1-21B7-429F-95B3-D590B3068924}
		{A0F9835F-D305-47CB-99ED-1C1A26AD4D17} = {CFFC05C1-21B7-429F-95B3-D590B3068924}
		{E9EA3097-F66C-4709-8638-1109DA184BE9} = {A85202DC-1CFE-4060-BBA6-44B81199057A}
	EndGlobalSection
	GlobalSection(ProjectConfigurationPlatforms) = postSolution
		{08E93729-A295-4AE8-B715-66D8E331B781}.Debug|Any CPU.ActiveCfg = Debug|Any CPU
		{08E93729-A295-4AE8-B715-66D8E331B781}.Debug|Any CPU.Build.0 = Debug|Any CPU
		{08E93729-A295-4AE8-B715-66D8E331B781}.Release|Any CPU.ActiveCfg = Release|Any CPU
		{08E93729-A295-4AE8-B715-66D8E331B781}.Release|Any CPU.Build.0 = Release|Any CPU
		{C2FC3C3C-4D04-4E6D-8FE7-413DD88F9E04}.Debug|Any CPU.ActiveCfg = Debug|Any CPU
		{C2FC3C3C-4D04-4E6D-8FE7-413DD88F9E04}.Debug|Any CPU.Build.0 = Debug|Any CPU
		{C2FC3C3C-4D04-4E6D-8FE7-413DD88F9E04}.Release|Any CPU.ActiveCfg = Release|Any CPU
		{C2FC3C3C-4D04-4E6D-8FE7-413DD88F9E04}.Release|Any CPU.Build.0 = Release|Any CPU
		{509A4C8F-D2BE-44F3-8AF4-FA7C8B275B05}.Debug|Any CPU.ActiveCfg = Debug|Any CPU
		{509A4C8F-D2BE-44F3-8AF4-FA7C8B275B05}.Debug|Any CPU.Build.0 = Debug|Any CPU
		{509A4C8F-D2BE-44F3-8AF4-FA7C8B275B05}.Release|Any CPU.ActiveCfg = Release|Any CPU
		{509A4C8F-D2BE-44F3-8AF4-FA7C8B275B05}.Release|Any CPU.Build.0 = Release|Any CPU
		{A0F9835F-D305-47CB-99ED-1C1A26AD4D17}.Debug|Any CPU.ActiveCfg = Debug|Any CPU
		{A0F9835F-D305-47CB-99ED-1C1A26AD4D17}.Debug|Any CPU.Build.0 = Debug|Any CPU
		{A0F9835F-D305-47CB-99ED-1C1A26AD4D17}.Release|Any CPU.ActiveCfg = Release|Any CPU
		{A0F9835F-D305-47CB-99ED-1C1A26AD4D17}.Release|Any CPU.Build.0 = Release|Any CPU
		{E9EA3097-F66C-4709-8638-1109DA184BE9}.Debug|Any CPU.ActiveCfg = Debug|Any CPU
		{E9EA3097-F66C-4709-8638-1109DA184BE9}.Debug|Any CPU.Build.0 = Debug|Any CPU
		{E9EA3097-F66C-4709-8638-1109DA184BE9}.Release|Any CPU.ActiveCfg = Release|Any CPU
		{E9EA3097-F66C-4709-8638-1109DA184BE9}.Release|Any CPU.Build.0 = Release|Any CPU
	EndGlobalSection
EndGlobal
